
Microsoft Visual Studio Solution File, Format Version 11.00
# Visual Studio 2010
Project("{FAE04EC0-301F-11D3-BF4B-00C04F79EFBC}") = "Tock", "Assembly-CSharp-firstpass.csproj", "{ECF0941F-F9D3-A3C2-2A48-8E82D2C057BF}"
EndProject
Global
	GlobalSection(SolutionConfigurationPlatforms) = preSolution
		Debug|Any CPU = Debug|Any CPU
		Release|Any CPU = Release|Any CPU
	EndGlobalSection
	GlobalSection(ProjectConfigurationPlatforms) = postSolution
		{ECF0941F-F9D3-A3C2-2A48-8E82D2C057BF}.Debug|Any CPU.ActiveCfg = Debug|Any CPU
		{ECF0941F-F9D3-A3C2-2A48-8E82D2C057BF}.Debug|Any CPU.Build.0 = Debug|Any CPU
		{ECF0941F-F9D3-A3C2-2A48-8E82D2C057BF}.Release|Any CPU.ActiveCfg = Release|Any CPU
		{ECF0941F-F9D3-A3C2-2A48-8E82D2C057BF}.Release|Any CPU.Build.0 = Release|Any CPU
	EndGlobalSection
	GlobalSection(SolutionProperties) = preSolution
		HideSolutionNode = FALSE
	EndGlobalSection
	GlobalSection(MonoDevelopProperties) = preSolution
		StartupItem = Assembly-CSharp.csproj
	EndGlobalSection
EndGlobal
