
Microsoft Visual Studio Solution File, Format Version 12.00
# Visual Studio 2015
Project("{FAE04EC0-301F-11D3-BF4B-00C04F79EFBC}") = "Tock.Plugins", "Tock.Plugins.csproj", "{FDDD5293-BEBE-0B37-16A2-004E872E3237}"
EndProject
Project("{FAE04EC0-301F-11D3-BF4B-00C04F79EFBC}") = "Tock", "Tock.csproj", "{17255C8B-8CF9-216F-CC00-3856D313E5D7}"
EndProject
Global
	GlobalSection(SolutionConfigurationPlatforms) = preSolution
		Debug|Any CPU = Debug|Any CPU
		Release|Any CPU = Release|Any CPU
	EndGlobalSection
	GlobalSection(ProjectConfigurationPlatforms) = postSolution
		{FDDD5293-BEBE-0B37-16A2-004E872E3237}.Debug|Any CPU.ActiveCfg = Debug|Any CPU
		{FDDD5293-BEBE-0B37-16A2-004E872E3237}.Debug|Any CPU.Build.0 = Debug|Any CPU
		{FDDD5293-BEBE-0B37-16A2-004E872E3237}.Release|Any CPU.ActiveCfg = Release|Any CPU
		{FDDD5293-BEBE-0B37-16A2-004E872E3237}.Release|Any CPU.Build.0 = Release|Any CPU
		{17255C8B-8CF9-216F-CC00-3856D313E5D7}.Debug|Any CPU.ActiveCfg = Debug|Any CPU
		{17255C8B-8CF9-216F-CC00-3856D313E5D7}.Debug|Any CPU.Build.0 = Debug|Any CPU
		{17255C8B-8CF9-216F-CC00-3856D313E5D7}.Release|Any CPU.ActiveCfg = Release|Any CPU
		{17255C8B-8CF9-216F-CC00-3856D313E5D7}.Release|Any CPU.Build.0 = Release|Any CPU
	EndGlobalSection
	GlobalSection(SolutionProperties) = preSolution
		HideSolutionNode = FALSE
	EndGlobalSection
EndGlobal
